# This file was autogenerated by Stack.
# You should not edit this file by hand.
# For more information, please see the documentation at:
#   https://docs.haskellstack.org/en/stable/lock_files

packages: []
snapshots:
- completed:
    size: 514542
    url: https://raw.githubusercontent.com/commercialhaskell/stackage-snapshots/master/nightly/2019/6/21.yaml
    sha256: bec637b036ac192b4705fbf5427501c764197d8db8d10fcc49969bdcf2d7efb0
  original: nightly-2019-06-21
